
Microsoft Visual Studio Solution File, Format Version 12.00
# Visual Studio 15
VisualStudioVersion = 15.0.28010.2003
MinimumVisualStudioVersion = 10.0.40219.1
Project("{2150E333-8FDC-42A3-9474-1A3956D46DE8}") = "SolutionItems", "SolutionItems", "{DFB85808-5385-4657-943D-A346C797C601}"
	ProjectSection(SolutionItems) = preProject
		README.md = README.md
	EndProjectSection
EndProject
Project("{2150E333-8FDC-42A3-9474-1A3956D46DE8}") = "DemoResources", "DemoResources", "{20F39B31-F91E-4692-8E57-70C93DB522A3}"
EndProject
Project("{2150E333-8FDC-42A3-9474-1A3956D46DE8}") = "src", "src", "{2CFCDD61-98B9-4DF2-B31D-9B4674A85535}"
EndProject
Project("{9A19103F-16F7-4668-BE54-9A1E7A4F7556}") = "PhoneExtractVerify.Api", "src\PhoneExtractVerify.Api\PhoneExtractVerify.Api.csproj", "{A12CBE6E-8572-4594-BDDF-2BD3584CE99D}"
EndProject
Global
	GlobalSection(SolutionConfigurationPlatforms) = preSolution
		Debug|Any CPU = Debug|Any CPU
		Release|Any CPU = Release|Any CPU
	EndGlobalSection
	GlobalSection(ProjectConfigurationPlatforms) = postSolution
		{A12CBE6E-8572-4594-BDDF-2BD3584CE99D}.Debug|Any CPU.ActiveCfg = Debug|Any CPU
		{A12CBE6E-8572-4594-BDDF-2BD3584CE99D}.Debug|Any CPU.Build.0 = Debug|Any CPU
		{A12CBE6E-8572-4594-BDDF-2BD3584CE99D}.Release|Any CPU.ActiveCfg = Release|Any CPU
		{A12CBE6E-8572-4594-BDDF-2BD3584CE99D}.Release|Any CPU.Build.0 = Release|Any CPU
	EndGlobalSection
	GlobalSection(SolutionProperties) = preSolution
		HideSolutionNode = FALSE
	EndGlobalSection
	GlobalSection(NestedProjects) = preSolution
		{A12CBE6E-8572-4594-BDDF-2BD3584CE99D} = {2CFCDD61-98B9-4DF2-B31D-9B4674A85535}
	EndGlobalSection
	GlobalSection(ExtensibilityGlobals) = postSolution
		SolutionGuid = {2E40C6CA-23B5-4B54-B815-8089D27BA6A8}
	EndGlobalSection
EndGlobal
